
Microsoft Visual Studio Solution File, Format Version 12.00
# Visual Studio Version 17
VisualStudioVersion = 17.5.33530.505
MinimumVisualStudioVersion = 10.0.40219.1
Project("{888888A0-9F3D-457C-B088-3A5042F75D52}") = "bangumi-auto-rename", "bangumi-auto-rename.pyproj", "{62AA0A7A-2464-4B5A-BFE3-8AED9A31B3A9}"
EndProject
Global
	GlobalSection(SolutionConfigurationPlatforms) = preSolution
		Debug|Any CPU = Debug|Any CPU
		Release|Any CPU = Release|Any CPU
	EndGlobalSection
	GlobalSection(ProjectConfigurationPlatforms) = postSolution
		{62AA0A7A-2464-4B5A-BFE3-8AED9A31B3A9}.Debug|Any CPU.ActiveCfg = Debug|Any CPU
		{62AA0A7A-2464-4B5A-BFE3-8AED9A31B3A9}.Release|Any CPU.ActiveCfg = Release|Any CPU
	EndGlobalSection
	GlobalSection(SolutionProperties) = preSolution
		HideSolutionNode = FALSE
	EndGlobalSection
	GlobalSection(ExtensibilityGlobals) = postSolution
		SolutionGuid = {7288EC3C-4CE1-40D6-826B-456D4342C6B5}
	EndGlobalSection
EndGlobal
